# This file is automatically @generated by Cargo.
# It is not intended for manual editing.
version = 3

[[package]]
name = "fishfight-launcher"
version = "0.1.0"
dependencies = [
 "fishfight-launcher-core",
]

[[package]]
name = "fishfight-launcher-cli"
version = "0.1.0"
dependencies = [
 "fishfight-launcher-core",
]

[[package]]
name = "fishfight-launcher-core"
version = "0.1.0"
